
Microsoft Visual Studio Solution File, Format Version 12.00
# Visual Studio Version 17
VisualStudioVersion = 17.11.35303.130
MinimumVisualStudioVersion = 10.0.40219.1
Project("{FAE04EC0-301F-11D3-BF4B-00C04F79EFBC}") = "webshopendgame", "webshopendgame\webshopendgame.csproj", "{A84CE24E-CD6D-4F80-B383-1F3379E2A6B6}"
EndProject
Global
	GlobalSection(SolutionConfigurationPlatforms) = preSolution
		Debug|Any CPU = Debug|Any CPU
		Release|Any CPU = Release|Any CPU
	EndGlobalSection
	GlobalSection(ProjectConfigurationPlatforms) = postSolution
		{A84CE24E-CD6D-4F80-B383-1F3379E2A6B6}.Debug|Any CPU.ActiveCfg = Debug|Any CPU
		{A84CE24E-CD6D-4F80-B383-1F3379E2A6B6}.Debug|Any CPU.Build.0 = Debug|Any CPU
		{A84CE24E-CD6D-4F80-B383-1F3379E2A6B6}.Release|Any CPU.ActiveCfg = Release|Any CPU
		{A84CE24E-CD6D-4F80-B383-1F3379E2A6B6}.Release|Any CPU.Build.0 = Release|Any CPU
	EndGlobalSection
	GlobalSection(SolutionProperties) = preSolution
		HideSolutionNode = FALSE
	EndGlobalSection
	GlobalSection(ExtensibilityGlobals) = postSolution
		SolutionGuid = {D930F531-A2D0-49D0-8758-A76612E7F4EE}
	EndGlobalSection
EndGlobal
